
Microsoft Visual Studio Solution File, Format Version 12.00
# Visual Studio Version 17
VisualStudioVersion = 17.5.33530.505
MinimumVisualStudioVersion = 10.0.40219.1
Project("{9A19103F-16F7-4668-BE54-9A1E7A4F7556}") = "TechnoPark_SupplimentSystem", "TechnoPark_SupplimentSystem\TechnoPark_SupplimentSystem.csproj", "{9FD6701E-DC99-4645-B189-0E94951B83C5}"
EndProject
Global
	GlobalSection(SolutionConfigurationPlatforms) = preSolution
		Debug|Any CPU = Debug|Any CPU
		Release|Any CPU = Release|Any CPU
	EndGlobalSection
	GlobalSection(ProjectConfigurationPlatforms) = postSolution
		{9FD6701E-DC99-4645-B189-0E94951B83C5}.Debug|Any CPU.ActiveCfg = Debug|Any CPU
		{9FD6701E-DC99-4645-B189-0E94951B83C5}.Debug|Any CPU.Build.0 = Debug|Any CPU
		{9FD6701E-DC99-4645-B189-0E94951B83C5}.Release|Any CPU.ActiveCfg = Debug|Any CPU
		{9FD6701E-DC99-4645-B189-0E94951B83C5}.Release|Any CPU.Build.0 = Debug|Any CPU
	EndGlobalSection
	GlobalSection(SolutionProperties) = preSolution
		HideSolutionNode = FALSE
	EndGlobalSection
	GlobalSection(ExtensibilityGlobals) = postSolution
		SolutionGuid = {586F6DA0-0112-4765-8FD4-151E20700785}
	EndGlobalSection
EndGlobal
